
Microsoft Visual Studio Solution File, Format Version 12.00
# Visual Studio Version 16
VisualStudioVersion = 16.0.31321.278
MinimumVisualStudioVersion = 10.0.40219.1
Project("{FAE04EC0-301F-11D3-BF4B-00C04F79EFBC}") = "GithubActionsProject", "GithubActionsProject.csproj", "{BB8BAB98-82DA-4CB5-B8B3-94A1B3FEC598}"
EndProject
Project("{FAE04EC0-301F-11D3-BF4B-00C04F79EFBC}") = "GithubActionsTests", "..\GithubActionsTests\GithubActionsTests.csproj", "{600443AA-4183-408D-BAD4-5277D97C9EC0}"
EndProject
Global
	GlobalSection(SolutionConfigurationPlatforms) = preSolution
		Debug|Any CPU = Debug|Any CPU
		Release|Any CPU = Release|Any CPU
	EndGlobalSection
	GlobalSection(ProjectConfigurationPlatforms) = postSolution
		{BB8BAB98-82DA-4CB5-B8B3-94A1B3FEC598}.Debug|Any CPU.ActiveCfg = Debug|Any CPU
		{BB8BAB98-82DA-4CB5-B8B3-94A1B3FEC598}.Debug|Any CPU.Build.0 = Debug|Any CPU
		{BB8BAB98-82DA-4CB5-B8B3-94A1B3FEC598}.Release|Any CPU.ActiveCfg = Release|Any CPU
		{BB8BAB98-82DA-4CB5-B8B3-94A1B3FEC598}.Release|Any CPU.Build.0 = Release|Any CPU
		{600443AA-4183-408D-BAD4-5277D97C9EC0}.Debug|Any CPU.ActiveCfg = Debug|Any CPU
		{600443AA-4183-408D-BAD4-5277D97C9EC0}.Debug|Any CPU.Build.0 = Debug|Any CPU
		{600443AA-4183-408D-BAD4-5277D97C9EC0}.Release|Any CPU.ActiveCfg = Release|Any CPU
		{600443AA-4183-408D-BAD4-5277D97C9EC0}.Release|Any CPU.Build.0 = Release|Any CPU
	EndGlobalSection
	GlobalSection(SolutionProperties) = preSolution
		HideSolutionNode = FALSE
	EndGlobalSection
	GlobalSection(ExtensibilityGlobals) = postSolution
		SolutionGuid = {53505D35-3A39-42F2-BD05-BDD5104F3F17}
	EndGlobalSection
EndGlobal
